
Microsoft Visual Studio Solution File, Format Version 12.00
# Visual Studio Version 16
VisualStudioVersion = 16.0.30114.105
MinimumVisualStudioVersion = 10.0.40219.1
Project("{FAE04EC0-301F-11D3-BF4B-00C04F79EFBC}") = "WpfApp2", "WpfApp2\WpfApp2.csproj", "{689A22D2-7EE7-4368-B348-0229C6C64A22}"
EndProject
Global
	GlobalSection(SolutionConfigurationPlatforms) = preSolution
		Debug|Any CPU = Debug|Any CPU
		Release|Any CPU = Release|Any CPU
	EndGlobalSection
	GlobalSection(ProjectConfigurationPlatforms) = postSolution
		{689A22D2-7EE7-4368-B348-0229C6C64A22}.Debug|Any CPU.ActiveCfg = Debug|Any CPU
		{689A22D2-7EE7-4368-B348-0229C6C64A22}.Debug|Any CPU.Build.0 = Debug|Any CPU
		{689A22D2-7EE7-4368-B348-0229C6C64A22}.Release|Any CPU.ActiveCfg = Release|Any CPU
		{689A22D2-7EE7-4368-B348-0229C6C64A22}.Release|Any CPU.Build.0 = Release|Any CPU
	EndGlobalSection
	GlobalSection(SolutionProperties) = preSolution
		HideSolutionNode = FALSE
	EndGlobalSection
	GlobalSection(ExtensibilityGlobals) = postSolution
		SolutionGuid = {F677372E-4312-451A-8192-9AC5DAE8CF8F}
	EndGlobalSection
EndGlobal
